
Microsoft Visual Studio Solution File, Format Version 12.00
# Visual Studio 14
VisualStudioVersion = 14.0.25420.1
MinimumVisualStudioVersion = 10.0.40219.1
Project("{FAE04EC0-301F-11D3-BF4B-00C04F79EFBC}") = "Cpix", "Cpix\Cpix.csproj", "{8706C176-A754-4C23-A9B7-855E6B1BDDB1}"
EndProject
Project("{FAE04EC0-301F-11D3-BF4B-00C04F79EFBC}") = "Resources", "Resources\Resources.csproj", "{A46001B7-E050-4859-8175-84C730BA3223}"
EndProject
Project("{FAE04EC0-301F-11D3-BF4B-00C04F79EFBC}") = "Tests", "Tests\Tests.csproj", "{C9D71E49-E2C1-4C2F-A56D-B5255F90C6F5}"
EndProject
Project("{FAE04EC0-301F-11D3-BF4B-00C04F79EFBC}") = "ReadmeQuickStartExamples", "ReadmeQuickStartExamples\ReadmeQuickStartExamples.csproj", "{D9DDFDAF-CAE6-4365-AB4A-A40B7FBFB3F6}"
EndProject
Project("{FAE04EC0-301F-11D3-BF4B-00C04F79EFBC}") = "TestVectorGenerator", "TestVectorGenerator\TestVectorGenerator.csproj", "{9197D869-3F1D-424F-B11B-1A4BC6D2B98E}"
EndProject
Global
	GlobalSection(SolutionConfigurationPlatforms) = preSolution
		Debug|Any CPU = Debug|Any CPU
		Release|Any CPU = Release|Any CPU
	EndGlobalSection
	GlobalSection(ProjectConfigurationPlatforms) = postSolution
		{8706C176-A754-4C23-A9B7-855E6B1BDDB1}.Debug|Any CPU.ActiveCfg = Debug|Any CPU
		{8706C176-A754-4C23-A9B7-855E6B1BDDB1}.Debug|Any CPU.Build.0 = Debug|Any CPU
		{8706C176-A754-4C23-A9B7-855E6B1BDDB1}.Release|Any CPU.ActiveCfg = Release|Any CPU
		{8706C176-A754-4C23-A9B7-855E6B1BDDB1}.Release|Any CPU.Build.0 = Release|Any CPU
		{A46001B7-E050-4859-8175-84C730BA3223}.Debug|Any CPU.ActiveCfg = Debug|Any CPU
		{A46001B7-E050-4859-8175-84C730BA3223}.Debug|Any CPU.Build.0 = Debug|Any CPU
		{A46001B7-E050-4859-8175-84C730BA3223}.Release|Any CPU.ActiveCfg = Release|Any CPU
		{A46001B7-E050-4859-8175-84C730BA3223}.Release|Any CPU.Build.0 = Release|Any CPU
		{C9D71E49-E2C1-4C2F-A56D-B5255F90C6F5}.Debug|Any CPU.ActiveCfg = Debug|Any CPU
		{C9D71E49-E2C1-4C2F-A56D-B5255F90C6F5}.Debug|Any CPU.Build.0 = Debug|Any CPU
		{C9D71E49-E2C1-4C2F-A56D-B5255F90C6F5}.Release|Any CPU.ActiveCfg = Release|Any CPU
		{C9D71E49-E2C1-4C2F-A56D-B5255F90C6F5}.Release|Any CPU.Build.0 = Release|Any CPU
		{D9DDFDAF-CAE6-4365-AB4A-A40B7FBFB3F6}.Debug|Any CPU.ActiveCfg = Debug|Any CPU
		{D9DDFDAF-CAE6-4365-AB4A-A40B7FBFB3F6}.Debug|Any CPU.Build.0 = Debug|Any CPU
		{D9DDFDAF-CAE6-4365-AB4A-A40B7FBFB3F6}.Release|Any CPU.ActiveCfg = Release|Any CPU
		{D9DDFDAF-CAE6-4365-AB4A-A40B7FBFB3F6}.Release|Any CPU.Build.0 = Release|Any CPU
		{9197D869-3F1D-424F-B11B-1A4BC6D2B98E}.Debug|Any CPU.ActiveCfg = Debug|Any CPU
		{9197D869-3F1D-424F-B11B-1A4BC6D2B98E}.Debug|Any CPU.Build.0 = Debug|Any CPU
		{9197D869-3F1D-424F-B11B-1A4BC6D2B98E}.Release|Any CPU.ActiveCfg = Release|Any CPU
		{9197D869-3F1D-424F-B11B-1A4BC6D2B98E}.Release|Any CPU.Build.0 = Release|Any CPU
	EndGlobalSection
	GlobalSection(SolutionProperties) = preSolution
		HideSolutionNode = FALSE
	EndGlobalSection
EndGlobal
